// !$*UTF8*$!
{
	archiveVersion = 1;
	classes = {
	};
	objectVersion = 56;
	objects = {

/* Begin PBXBuildFile section */
		AA00000100000000000001 /* CursorNotchApp.swift in Sources */ = {isa = PBXBuildFile; fileRef = AB00000100000000000001 /* CursorNotchApp.swift */; };
		AA00000200000000000002 /* AppModel.swift in Sources */ = {isa = PBXBuildFile; fileRef = AB00000200000000000002 /* AppModel.swift */; };
		AA00000300000000000003 /* MenuBarView.swift in Sources */ = {isa = PBXBuildFile; fileRef = AB00000300000000000003 /* MenuBarView.swift */; };
		AA00000400000000000004 /* CursorDetector.swift in Sources */ = {isa = PBXBuildFile; fileRef = AB00000400000000000004 /* CursorDetector.swift */; };
		AA00000500000000000005 /* CursorHookManager.swift in Sources */ = {isa = PBXBuildFile; fileRef = AB00000500000000000005 /* CursorHookManager.swift */; };
		AA00000600000000000006 /* CursorEvent.swift in Sources */ = {isa = PBXBuildFile; fileRef = AB00000600000000000006 /* CursorEvent.swift */; };
		AA00000700000000000007 /* CursorStateManager.swift in Sources */ = {isa = PBXBuildFile; fileRef = AB00000700000000000007 /* CursorStateManager.swift */; };
		AA00001600000000000016 /* CloudAgentMonitor.swift in Sources */ = {isa = PBXBuildFile; fileRef = AB00001600000000000016 /* CloudAgentMonitor.swift */; };
		AA00000800000000000008 /* NotchPanel.swift in Sources */ = {isa = PBXBuildFile; fileRef = AB00000800000000000008 /* NotchPanel.swift */; };
		AA00000900000000000009 /* NotchWindowManager.swift in Sources */ = {isa = PBXBuildFile; fileRef = AB00000900000000000009 /* NotchWindowManager.swift */; };
		AA00000A0000000000000A /* NotchNotificationView.swift in Sources */ = {isa = PBXBuildFile; fileRef = AB00000A0000000000000A /* NotchNotificationView.swift */; };
		AA00001500000000000015 /* NotchShape.swift in Sources */ = {isa = PBXBuildFile; fileRef = AB00001500000000000015 /* NotchShape.swift */; };
		AA00000B0000000000000B /* CursorDotsAnimation.swift in Sources */ = {isa = PBXBuildFile; fileRef = AB00000B0000000000000B /* CursorDotsAnimation.swift */; };
		AA00000C0000000000000C /* SettingsView.swift in Sources */ = {isa = PBXBuildFile; fileRef = AB00000C0000000000000C /* SettingsView.swift */; };
		AA00000D0000000000000D /* AppSettings.swift in Sources */ = {isa = PBXBuildFile; fileRef = AB00000D0000000000000D /* AppSettings.swift */; };
		AA00000E0000000000000E /* HookEventServer.swift in Sources */ = {isa = PBXBuildFile; fileRef = AB00000E0000000000000E /* HookEventServer.swift */; };
		AA00000F0000000000000F /* Assets.xcassets in Resources */ = {isa = PBXBuildFile; fileRef = AB00000F0000000000000F /* Assets.xcassets */; };
		AA00001000000000000010 /* cursor-notch-hook.py in Resources */ = {isa = PBXBuildFile; fileRef = AB00001000000000000010 /* cursor-notch-hook.py */; };
		AA00001100000000000011 /* ServiceManagement.framework in Frameworks */ = {isa = PBXBuildFile; fileRef = AB00001100000000000011 /* ServiceManagement.framework */; };
/* End PBXBuildFile section */

/* Begin PBXFileReference section */
		AB00000100000000000001 /* CursorNotchApp.swift */ = {isa = PBXFileReference; lastKnownFileType = sourcecode.swift; path = CursorNotchApp.swift; sourceTree = "<group>"; };
		AB00000200000000000002 /* AppModel.swift */ = {isa = PBXFileReference; lastKnownFileType = sourcecode.swift; path = AppModel.swift; sourceTree = "<group>"; };
		AB00000300000000000003 /* MenuBarView.swift */ = {isa = PBXFileReference; lastKnownFileType = sourcecode.swift; path = MenuBarView.swift; sourceTree = "<group>"; };
		AB00000400000000000004 /* CursorDetector.swift */ = {isa = PBXFileReference; lastKnownFileType = sourcecode.swift; path = CursorDetector.swift; sourceTree = "<group>"; };
		AB00000500000000000005 /* CursorHookManager.swift */ = {isa = PBXFileReference; lastKnownFileType = sourcecode.swift; path = CursorHookManager.swift; sourceTree = "<group>"; };
		AB00000600000000000006 /* CursorEvent.swift */ = {isa = PBXFileReference; lastKnownFileType = sourcecode.swift; path = CursorEvent.swift; sourceTree = "<group>"; };
		AB00000700000000000007 /* CursorStateManager.swift */ = {isa = PBXFileReference; lastKnownFileType = sourcecode.swift; path = CursorStateManager.swift; sourceTree = "<group>"; };
		AB00001600000000000016 /* CloudAgentMonitor.swift */ = {isa = PBXFileReference; lastKnownFileType = sourcecode.swift; path = CloudAgentMonitor.swift; sourceTree = "<group>"; };
		AB00000800000000000008 /* NotchPanel.swift */ = {isa = PBXFileReference; lastKnownFileType = sourcecode.swift; path = NotchPanel.swift; sourceTree = "<group>"; };
		AB00000900000000000009 /* NotchWindowManager.swift */ = {isa = PBXFileReference; lastKnownFileType = sourcecode.swift; path = NotchWindowManager.swift; sourceTree = "<group>"; };
		AB00000A0000000000000A /* NotchNotificationView.swift */ = {isa = PBXFileReference; lastKnownFileType = sourcecode.swift; path = NotchNotificationView.swift; sourceTree = "<group>"; };
		AB00001500000000000015 /* NotchShape.swift */ = {isa = PBXFileReference; lastKnownFileType = sourcecode.swift; path = NotchShape.swift; sourceTree = "<group>"; };
		AB00000B0000000000000B /* CursorDotsAnimation.swift */ = {isa = PBXFileReference; lastKnownFileType = sourcecode.swift; path = CursorDotsAnimation.swift; sourceTree = "<group>"; };
		AB00000C0000000000000C /* SettingsView.swift */ = {isa = PBXFileReference; lastKnownFileType = sourcecode.swift; path = SettingsView.swift; sourceTree = "<group>"; };
		AB00000D0000000000000D /* AppSettings.swift */ = {isa = PBXFileReference; lastKnownFileType = sourcecode.swift; path = AppSettings.swift; sourceTree = "<group>"; };
		AB00000E0000000000000E /* HookEventServer.swift */ = {isa = PBXFileReference; lastKnownFileType = sourcecode.swift; path = HookEventServer.swift; sourceTree = "<group>"; };
		AB00000F0000000000000F /* Assets.xcassets */ = {isa = PBXFileReference; lastKnownFileType = folder.assetcatalog; path = Assets.xcassets; sourceTree = "<group>"; };
		AB00001000000000000010 /* cursor-notch-hook.py */ = {isa = PBXFileReference; lastKnownFileType = text.script.python; path = "cursor-notch-hook.py"; sourceTree = "<group>"; };
		AB00001100000000000011 /* ServiceManagement.framework */ = {isa = PBXFileReference; lastKnownFileType = wrapper.framework; name = ServiceManagement.framework; path = System/Library/Frameworks/ServiceManagement.framework; sourceTree = SDKROOT; };
		AB00001200000000000012 /* Info.plist */ = {isa = PBXFileReference; lastKnownFileType = text.plist.xml; path = Info.plist; sourceTree = "<group>"; };
		AB00001300000000000013 /* CursorNotch.entitlements */ = {isa = PBXFileReference; lastKnownFileType = text.plist.entitlements; path = CursorNotch.entitlements; sourceTree = "<group>"; };
		AB00001400000000000014 /* Cursor Notch.app */ = {isa = PBXFileReference; explicitFileType = wrapper.application; includeInIndex = 0; path = "Cursor Notch.app"; sourceTree = BUILT_PRODUCTS_DIR; };
/* End PBXFileReference section */

/* Begin PBXFrameworksBuildPhase section */
		AC00000100000000000001 /* Frameworks */ = {
			isa = PBXFrameworksBuildPhase;
			buildActionMask = 2147483647;
			files = (
				AA00001100000000000011 /* ServiceManagement.framework in Frameworks */,
			);
			runOnlyForDeploymentPostprocessing = 0;
		};
/* End PBXFrameworksBuildPhase section */

/* Begin PBXGroup section */
		AD00000100000000000001 = {
			isa = PBXGroup;
			children = (
				AD00000200000000000002 /* CursorNotch */,
				AD00000A0000000000000A /* Frameworks */,
				AD00000B0000000000000B /* Products */,
			);
			sourceTree = "<group>";
		};
		AD00000200000000000002 /* CursorNotch */ = {
			isa = PBXGroup;
			children = (
				AD00000300000000000003 /* App */,
				AD00000400000000000004 /* Cursor */,
				AD00000500000000000005 /* Notch */,
				AD00000600000000000006 /* Settings */,
				AD00000700000000000007 /* Utilities */,
				AD00000800000000000008 /* Resources */,
			);
			path = CursorNotch;
			sourceTree = "<group>";
		};
		AD00000300000000000003 /* App */ = {
			isa = PBXGroup;
			children = (
				AB00000100000000000001 /* CursorNotchApp.swift */,
				AB00000200000000000002 /* AppModel.swift */,
				AB00000300000000000003 /* MenuBarView.swift */,
			);
			path = App;
			sourceTree = "<group>";
		};
		AD00000400000000000004 /* Cursor */ = {
			isa = PBXGroup;
			children = (
				AB00000400000000000004 /* CursorDetector.swift */,
				AB00000500000000000005 /* CursorHookManager.swift */,
				AB00000600000000000006 /* CursorEvent.swift */,
				AB00000700000000000007 /* CursorStateManager.swift */,
				AB00001600000000000016 /* CloudAgentMonitor.swift */,
			);
			path = Cursor;
			sourceTree = "<group>";
		};
		AD00000500000000000005 /* Notch */ = {
			isa = PBXGroup;
			children = (
				AB00000800000000000008 /* NotchPanel.swift */,
				AB00000900000000000009 /* NotchWindowManager.swift */,
				AB00000A0000000000000A /* NotchNotificationView.swift */,
				AB00001500000000000015 /* NotchShape.swift */,
				AB00000B0000000000000B /* CursorDotsAnimation.swift */,
			);
			path = Notch;
			sourceTree = "<group>";
		};
		AD00000600000000000006 /* Settings */ = {
			isa = PBXGroup;
			children = (
				AB00000C0000000000000C /* SettingsView.swift */,
				AB00000D0000000000000D /* AppSettings.swift */,
			);
			path = Settings;
			sourceTree = "<group>";
		};
		AD00000700000000000007 /* Utilities */ = {
			isa = PBXGroup;
			children = (
				AB00000E0000000000000E /* HookEventServer.swift */,
			);
			path = Utilities;
			sourceTree = "<group>";
		};
		AD00000800000000000008 /* Resources */ = {
			isa = PBXGroup;
			children = (
				AB00000F0000000000000F /* Assets.xcassets */,
				AB00001000000000000010 /* cursor-notch-hook.py */,
				AB00001200000000000012 /* Info.plist */,
				AB00001300000000000013 /* CursorNotch.entitlements */,
			);
			path = Resources;
			sourceTree = "<group>";
		};
		AD00000A0000000000000A /* Frameworks */ = {
			isa = PBXGroup;
			children = (
				AB00001100000000000011 /* ServiceManagement.framework */,
			);
			name = Frameworks;
			sourceTree = "<group>";
		};
		AD00000B0000000000000B /* Products */ = {
			isa = PBXGroup;
			children = (
				AB00001400000000000014 /* Cursor Notch.app */,
			);
			name = Products;
			sourceTree = "<group>";
		};
/* End PBXGroup section */

/* Begin PBXNativeTarget section */
		AE00000100000000000001 /* CursorNotch */ = {
			isa = PBXNativeTarget;
			buildConfigurationList = AF00000300000000000003 /* Build configuration list for PBXNativeTarget "CursorNotch" */;
			buildPhases = (
				AF00000400000000000004 /* Sources */,
				AC00000100000000000001 /* Frameworks */,
				AF00000500000000000005 /* Resources */,
			);
			buildRules = (
			);
			dependencies = (
			);
			name = CursorNotch;
			productName = "Cursor Notch";
			productReference = AB00001400000000000014 /* Cursor Notch.app */;
			productType = "com.apple.product-type.application";
		};
/* End PBXNativeTarget section */

/* Begin PBXProject section */
		AF00000100000000000001 /* Project object */ = {
			isa = PBXProject;
			attributes = {
				BuildIndependentTargetsInParallel = 1;
				LastSwiftUpdateCheck = 1600;
				LastUpgradeCheck = 1600;
				TargetAttributes = {
					AE00000100000000000001 = {
						CreatedOnToolsVersion = 16.0;
					};
				};
			};
			buildConfigurationList = AF00000200000000000002 /* Build configuration list for PBXProject "CursorNotch" */;
			compatibilityVersion = "Xcode 14.0";
			developmentRegion = en;
			hasScannedForEncodings = 0;
			knownRegions = (
				en,
				Base,
			);
			mainGroup = AD00000100000000000001;
			productRefGroup = AD00000B0000000000000B /* Products */;
			projectDirPath = "";
			projectRoot = "";
			targets = (
				AE00000100000000000001 /* CursorNotch */,
			);
		};
/* End PBXProject section */

/* Begin PBXResourcesBuildPhase section */
		AF00000500000000000005 /* Resources */ = {
			isa = PBXResourcesBuildPhase;
			buildActionMask = 2147483647;
			files = (
				AA00000F0000000000000F /* Assets.xcassets in Resources */,
				AA00001000000000000010 /* cursor-notch-hook.py in Resources */,
			);
			runOnlyForDeploymentPostprocessing = 0;
		};
/* End PBXResourcesBuildPhase section */

/* Begin PBXSourcesBuildPhase section */
		AF00000400000000000004 /* Sources */ = {
			isa = PBXSourcesBuildPhase;
			buildActionMask = 2147483647;
			files = (
				AA00000100000000000001 /* CursorNotchApp.swift in Sources */,
				AA00000200000000000002 /* AppModel.swift in Sources */,
				AA00000300000000000003 /* MenuBarView.swift in Sources */,
				AA00000400000000000004 /* CursorDetector.swift in Sources */,
				AA00000500000000000005 /* CursorHookManager.swift in Sources */,
				AA00000600000000000006 /* CursorEvent.swift in Sources */,
				AA00000700000000000007 /* CursorStateManager.swift in Sources */,
				AA00001600000000000016 /* CloudAgentMonitor.swift in Sources */,
				AA00000800000000000008 /* NotchPanel.swift in Sources */,
				AA00000900000000000009 /* NotchWindowManager.swift in Sources */,
				AA00000A0000000000000A /* NotchNotificationView.swift in Sources */,
				AA00001500000000000015 /* NotchShape.swift in Sources */,
				AA00000B0000000000000B /* CursorDotsAnimation.swift in Sources */,
				AA00000C0000000000000C /* SettingsView.swift in Sources */,
				AA00000D0000000000000D /* AppSettings.swift in Sources */,
				AA00000E0000000000000E /* HookEventServer.swift in Sources */,
			);
			runOnlyForDeploymentPostprocessing = 0;
		};
/* End PBXSourcesBuildPhase section */

/* Begin XCBuildConfiguration section */
		B000000100000000000001 /* Debug */ = {
			isa = XCBuildConfiguration;
			buildSettings = {
				ALWAYS_SEARCH_USER_PATHS = NO;
				ASSETCATALOG_COMPILER_GENERATE_SWIFT_ASSET_SYMBOL_EXTENSIONS = YES;
				CLANG_ENABLE_MODULES = YES;
				CLANG_ENABLE_OBJC_ARC = YES;
				COPY_PHASE_STRIP = NO;
				DEBUG_INFORMATION_FORMAT = dwarf;
				ENABLE_TESTABILITY = YES;
				GCC_DYNAMIC_NO_PIC = NO;
				GCC_OPTIMIZATION_LEVEL = 0;
				MACOSX_DEPLOYMENT_TARGET = 14.0;
				ONLY_ACTIVE_ARCH = YES;
				SDKROOT = macosx;
				SWIFT_ACTIVE_COMPILATION_CONDITIONS = "DEBUG $(inherited)";
				SWIFT_OPTIMIZATION_LEVEL = "-Onone";
				SWIFT_VERSION = 6.0;
			};
			name = Debug;
		};
		B000000200000000000002 /* Release */ = {
			isa = XCBuildConfiguration;
			buildSettings = {
				ALWAYS_SEARCH_USER_PATHS = NO;
				ASSETCATALOG_COMPILER_GENERATE_SWIFT_ASSET_SYMBOL_EXTENSIONS = YES;
				CLANG_ENABLE_MODULES = YES;
				CLANG_ENABLE_OBJC_ARC = YES;
				COPY_PHASE_STRIP = NO;
				DEBUG_INFORMATION_FORMAT = "dwarf-with-dsym";
				MACOSX_DEPLOYMENT_TARGET = 14.0;
				SDKROOT = macosx;
				SWIFT_COMPILATION_MODE = wholemodule;
				SWIFT_VERSION = 6.0;
			};
			name = Release;
		};
		B000000300000000000003 /* Debug */ = {
			isa = XCBuildConfiguration;
			buildSettings = {
				ASSETCATALOG_COMPILER_APPICON_NAME = AppIcon;
				CODE_SIGN_ENTITLEMENTS = CursorNotch/Resources/CursorNotch.entitlements;
				CODE_SIGN_IDENTITY = "-";
				CODE_SIGN_STYLE = Automatic;
				COMBINE_HIDPI_IMAGES = YES;
				CURRENT_PROJECT_VERSION = 2;
				ENABLE_HARDENED_RUNTIME = YES;
				GENERATE_INFOPLIST_FILE = NO;
				INFOPLIST_FILE = CursorNotch/Resources/Info.plist;
				LD_RUNPATH_SEARCH_PATHS = (
					"$(inherited)",
					"@executable_path/../Frameworks",
				);
				MACOSX_DEPLOYMENT_TARGET = 14.0;
				MARKETING_VERSION = 1.1.0;
				PRODUCT_BUNDLE_IDENTIFIER = app.cursornotch.CursorNotch;
				PRODUCT_NAME = "Cursor Notch";
				SWIFT_EMIT_LOC_STRINGS = YES;
				SWIFT_STRICT_CONCURRENCY = complete;
				SWIFT_VERSION = 6.0;
			};
			name = Debug;
		};
		B000000400000000000004 /* Release */ = {
			isa = XCBuildConfiguration;
			buildSettings = {
				ASSETCATALOG_COMPILER_APPICON_NAME = AppIcon;
				CODE_SIGN_ENTITLEMENTS = CursorNotch/Resources/CursorNotch.entitlements;
				CODE_SIGN_IDENTITY = "-";
				CODE_SIGN_STYLE = Automatic;
				COMBINE_HIDPI_IMAGES = YES;
				CURRENT_PROJECT_VERSION = 2;
				ENABLE_HARDENED_RUNTIME = YES;
				GENERATE_INFOPLIST_FILE = NO;
				INFOPLIST_FILE = CursorNotch/Resources/Info.plist;
				LD_RUNPATH_SEARCH_PATHS = (
					"$(inherited)",
					"@executable_path/../Frameworks",
				);
				MACOSX_DEPLOYMENT_TARGET = 14.0;
				MARKETING_VERSION = 1.1.0;
				PRODUCT_BUNDLE_IDENTIFIER = app.cursornotch.CursorNotch;
				PRODUCT_NAME = "Cursor Notch";
				SWIFT_EMIT_LOC_STRINGS = YES;
				SWIFT_STRICT_CONCURRENCY = complete;
				SWIFT_VERSION = 6.0;
			};
			name = Release;
		};
/* End XCBuildConfiguration section */

/* Begin XCConfigurationList section */
		AF00000200000000000002 /* Build configuration list for PBXProject "CursorNotch" */ = {
			isa = XCConfigurationList;
			buildConfigurations = (
				B000000100000000000001 /* Debug */,
				B000000200000000000002 /* Release */,
			);
			defaultConfigurationIsVisible = 0;
			defaultConfigurationName = Release;
		};
		AF00000300000000000003 /* Build configuration list for PBXNativeTarget "CursorNotch" */ = {
			isa = XCConfigurationList;
			buildConfigurations = (
				B000000300000000000003 /* Debug */,
				B000000400000000000004 /* Release */,
			);
			defaultConfigurationIsVisible = 0;
			defaultConfigurationName = Release;
		};
/* End XCConfigurationList section */
	};
	rootObject = AF00000100000000000001 /* Project object */;
}
